
Microsoft Visual Studio Solution File, Format Version 12.00
# Visual Studio Version 17
VisualStudioVersion = 17.7.34202.233
MinimumVisualStudioVersion = 10.0.40219.1
Project("{FAE04EC0-301F-11D3-BF4B-00C04F79EFBC}") = "WpfApp_27_02", "WpfApp_27_02.csproj", "{522ED17A-A273-42FD-B9B0-8D3D6CFEA557}"
EndProject
Global
	GlobalSection(SolutionConfigurationPlatforms) = preSolution
		Debug|Any CPU = Debug|Any CPU
		Release|Any CPU = Release|Any CPU
	EndGlobalSection
	GlobalSection(ProjectConfigurationPlatforms) = postSolution
		{522ED17A-A273-42FD-B9B0-8D3D6CFEA557}.Debug|Any CPU.ActiveCfg = Debug|Any CPU
		{522ED17A-A273-42FD-B9B0-8D3D6CFEA557}.Debug|Any CPU.Build.0 = Debug|Any CPU
		{522ED17A-A273-42FD-B9B0-8D3D6CFEA557}.Release|Any CPU.ActiveCfg = Release|Any CPU
		{522ED17A-A273-42FD-B9B0-8D3D6CFEA557}.Release|Any CPU.Build.0 = Release|Any CPU
	EndGlobalSection
	GlobalSection(SolutionProperties) = preSolution
		HideSolutionNode = FALSE
	EndGlobalSection
	GlobalSection(ExtensibilityGlobals) = postSolution
		SolutionGuid = {CF578107-0F4A-489F-B8ED-11FDB18172C2}
	EndGlobalSection
EndGlobal
